
Microsoft Visual Studio Solution File, Format Version 12.00
# Visual Studio Version 17
VisualStudioVersion = 17.5.33502.453
MinimumVisualStudioVersion = 10.0.40219.1
Project("{9A19103F-16F7-4668-BE54-9A1E7A4F7556}") = "OilQuality", "OilQuality\OilQuality.csproj", "{45CCD327-4EDB-4835-A169-3AA7357043A9}"
EndProject
Global
	GlobalSection(SolutionConfigurationPlatforms) = preSolution
		Debug|Any CPU = Debug|Any CPU
		Release|Any CPU = Release|Any CPU
	EndGlobalSection
	GlobalSection(ProjectConfigurationPlatforms) = postSolution
		{45CCD327-4EDB-4835-A169-3AA7357043A9}.Debug|Any CPU.ActiveCfg = Debug|Any CPU
		{45CCD327-4EDB-4835-A169-3AA7357043A9}.Debug|Any CPU.Build.0 = Debug|Any CPU
		{45CCD327-4EDB-4835-A169-3AA7357043A9}.Release|Any CPU.ActiveCfg = Release|Any CPU
		{45CCD327-4EDB-4835-A169-3AA7357043A9}.Release|Any CPU.Build.0 = Release|Any CPU
	EndGlobalSection
	GlobalSection(SolutionProperties) = preSolution
		HideSolutionNode = FALSE
	EndGlobalSection
	GlobalSection(ExtensibilityGlobals) = postSolution
		SolutionGuid = {09C83576-CA62-490E-A154-68DDC9A5B5A0}
	EndGlobalSection
EndGlobal
